# Code generated by scarb DO NOT EDIT.
version = 1

[[package]]
name = "alexandria_math"
version = "0.3.0"
source = "registry+https://scarbs.xyz/"
checksum = "sha256:9659d9bbe0f0713366abb479c3a0d182dc560d15355bfca1ac4ef25076b2d8b4"

[[package]]
name = "cair_tutorials"
version = "0.1.0"
dependencies = [
 "alexandria_math",
]
